{
  "nodes": {
    "home-manager": {
      "inputs": {
        "nixpkgs": "nixpkgs"
      },
      "locked": {
        "lastModified": 1763997646,
        "narHash": "sha256-hLIvcdKAtwt5eZchw+7AZFXx3NniHPbZ7puYruofsD8=",
        "owner": "nix-community",
        "repo": "home-manager",
        "rev": "b9c0dae3e474631d4813c685187f5b4e01c34d39",
        "type": "github"
      },
      "original": {
        "owner": "nix-community",
        "repo": "home-manager",
        "type": "github"
      }
    },
    "illogical-impulse-dotfiles": {
      "flake": false,
      "locked": {
        "lastModified": 1755087685,
        "narHash": "sha256-l3U/aTwHGxdZgGfs6m8w8keJMTmngZ/aTV0i/5soZVQ=",
        "owner": "xBLACKICEx",
        "repo": "dots-hyprland",
        "rev": "ef1e161c230a6aef92b981aa9066ce21a255da66",
        "type": "github"
      },
      "original": {
        "owner": "xBLACKICEx",
        "ref": "tmp",
        "repo": "dots-hyprland",
        "type": "github"
      }
    },
    "nix-flatpak": {
      "locked": {
        "lastModified": 1754777568,
        "narHash": "sha256-0bBqT+3XncgF8F03RFAamw9vdf0VmaDoIJLTGkjfQZs=",
        "owner": "gmodena",
        "repo": "nix-flatpak",
        "rev": "62f636b87ef6050760a8cb325cadb90674d1e23e",
        "type": "github"
      },
      "original": {
        "owner": "gmodena",
        "repo": "nix-flatpak",
        "type": "github"
      }
    },
    "nixpkgs": {
      "locked": {
        "lastModified": 1764667669,
        "narHash": "sha256-7WUCZfmqLAssbDqwg9cUDAXrSoXN79eEEq17qhTNM/Y=",
        "owner": "NixOS",
        "repo": "nixpkgs",
        "rev": "418468ac9527e799809c900eda37cbff999199b6",
        "type": "github"
      },
      "original": {
        "owner": "NixOS",
        "ref": "nixos-unstable",
        "repo": "nixpkgs",
        "type": "github"
      }
    },
    "nixpkgs_2": {
      "locked": {
        "lastModified": 1763835633,
        "narHash": "sha256-HzxeGVID5MChuCPESuC0dlQL1/scDKu+MmzoVBJxulM=",
        "owner": "NixOS",
        "repo": "nixpkgs",
        "rev": "050e09e091117c3d7328c7b2b7b577492c43c134",
        "type": "github"
      },
      "original": {
        "id": "nixpkgs",
        "ref": "nixos-unstable",
        "type": "indirect"
      }
    },
    "quickshell": {
      "inputs": {
        "nixpkgs": [
          "nixpkgs"
        ]
      },
      "locked": {
        "lastModified": 1764663772,
        "narHash": "sha256-sHqLmm0wAt3PC4vczJeBozI1/f4rv9yp3IjkClHDXDs=",
        "ref": "refs/heads/master",
        "rev": "26531fc46ef17e9365b03770edd3fb9206fcb460",
        "revCount": 713,
        "type": "git",
        "url": "https://git.outfoxxed.me/outfoxxed/quickshell"
      },
      "original": {
        "type": "git",
        "url": "https://git.outfoxxed.me/outfoxxed/quickshell"
      }
    },
    "root": {
      "inputs": {
        "home-manager": "home-manager",
        "illogical-impulse-dotfiles": "illogical-impulse-dotfiles",
        "nix-flatpak": "nix-flatpak",
        "nixpkgs": "nixpkgs_2",
        "quickshell": "quickshell"
      }
    }
  },
  "root": "root",
  "version": 7
}
